# Universal Source Fidelity worker baseline. Model weights live in immutable
# mounted artifacts or separately deployed OCR/VLM sidecars; the worker never
# downloads them or treats a workstation path as runtime authority.
fastapi==0.116.1
pydantic==2.11.9
uvicorn==0.35.0
Pillow==11.1.0
numpy==1.26.4
opencv-python-headless==4.11.0.86
openai-whisper==20240930
onnxruntime-gpu==1.20.1
# CUDA 12.4 worker images must install this wheel from the PyTorch CUDA index.
torch==2.5.1+cu124
redis==5.2.1
boto3==1.35.99
oss2==2.19.1
